
Microsoft Visual Studio Solution File, Format Version 12.00
# Visual Studio Version 17
VisualStudioVersion = 17.14.36705.20
MinimumVisualStudioVersion = 10.0.40219.1
Project("{FAE04EC0-301F-11D3-BF4B-00C04F79EFBC}") = "WebProducto", "WebProducto\WebProducto.csproj", "{EDBDDE70-29B2-43C6-9810-0EC0AAA3A551}"
EndProject
Project("{2150E333-8FDC-42A3-9474-1A3956D46DE8}") = "Elementos de la solución", "Elementos de la solución", "{D107F4C8-89CC-BEA8-D3D7-CA6B7733353D}"
	ProjectSection(SolutionItems) = preProject
		.gitignore = .gitignore
	EndProjectSection
EndProject
Global
	GlobalSection(SolutionConfigurationPlatforms) = preSolution
		Debug|Any CPU = Debug|Any CPU
		Release|Any CPU = Release|Any CPU
	EndGlobalSection
	GlobalSection(ProjectConfigurationPlatforms) = postSolution
		{EDBDDE70-29B2-43C6-9810-0EC0AAA3A551}.Debug|Any CPU.ActiveCfg = Debug|Any CPU
		{EDBDDE70-29B2-43C6-9810-0EC0AAA3A551}.Debug|Any CPU.Build.0 = Debug|Any CPU
		{EDBDDE70-29B2-43C6-9810-0EC0AAA3A551}.Release|Any CPU.ActiveCfg = Release|Any CPU
		{EDBDDE70-29B2-43C6-9810-0EC0AAA3A551}.Release|Any CPU.Build.0 = Release|Any CPU
	EndGlobalSection
	GlobalSection(SolutionProperties) = preSolution
		HideSolutionNode = FALSE
	EndGlobalSection
	GlobalSection(ExtensibilityGlobals) = postSolution
		SolutionGuid = {706060C9-55E3-45F3-96B7-6636AA23274B}
	EndGlobalSection
EndGlobal
